// !$*UTF8*$!
{
	archiveVersion = 1;
	classes = {
	};
	objectVersion = 51;
	objects = {

/* Begin PBXBuildFile section */
		290A3AA4275E5D91005B959C /* TermsRules.swift in Sources */ = {isa = PBXBuildFile; fileRef = 290A3AA3275E5D91005B959C /* TermsRules.swift */; };
		290A3AA6275E5DE3005B959C /* LongPress.swift in Sources */ = {isa = PBXBuildFile; fileRef = 290A3AA5275E5DE3005B959C /* LongPress.swift */; };
		29D12311275E2AE600618DE9 /* Launch.swift in Sources */ = {isa = PBXBuildFile; fileRef = 29D12310275E2AE600618DE9 /* Launch.swift */; };
		29FF6F5F275E1F0300F742B0 /* AppDelegate.swift in Sources */ = {isa = PBXBuildFile; fileRef = 29FF6F5E275E1F0300F742B0 /* AppDelegate.swift */; };
		29FF6F61275E1F0300F742B0 /* SceneDelegate.swift in Sources */ = {isa = PBXBuildFile; fileRef = 29FF6F60275E1F0300F742B0 /* SceneDelegate.swift */; };
		29FF6F68275E1F0500F742B0 /* Assets.xcassets in Resources */ = {isa = PBXBuildFile; fileRef = 29FF6F67275E1F0500F742B0 /* Assets.xcassets */; };
		29FF6F6B275E1F0500F742B0 /* LaunchScreen.storyboard in Resources */ = {isa = PBXBuildFile; fileRef = 29FF6F69275E1F0500F742B0 /* LaunchScreen.storyboard */; };
		29FF6F79275E1F6900F742B0 /* Label.swift in Sources */ = {isa = PBXBuildFile; fileRef = 29FF6F78275E1F6900F742B0 /* Label.swift */; };
		29FF6F7C275E288200F742B0 /* Navigation.swift in Sources */ = {isa = PBXBuildFile; fileRef = 29FF6F7B275E288200F742B0 /* Navigation.swift */; };
		6A2A335B85FF8349020D7B72 /* Pods_Label.framework in Frameworks */ = {isa = PBXBuildFile; fileRef = 413751FB4E5DAA634EB94DEE /* Pods_Label.framework */; };
/* End PBXBuildFile section */

/* Begin PBXFileReference section */
		03A32508D1FA276609D673CC /* Pods-Label.release.xcconfig */ = {isa = PBXFileReference; includeInIndex = 1; lastKnownFileType = text.xcconfig; name = "Pods-Label.release.xcconfig"; path = "Target Support Files/Pods-Label/Pods-Label.release.xcconfig"; sourceTree = "<group>"; };
		290A3AA3275E5D91005B959C /* TermsRules.swift */ = {isa = PBXFileReference; lastKnownFileType = sourcecode.swift; path = TermsRules.swift; sourceTree = "<group>"; };
		290A3AA5275E5DE3005B959C /* LongPress.swift */ = {isa = PBXFileReference; lastKnownFileType = sourcecode.swift; path = LongPress.swift; sourceTree = "<group>"; };
		29D12310275E2AE600618DE9 /* Launch.swift */ = {isa = PBXFileReference; lastKnownFileType = sourcecode.swift; path = Launch.swift; sourceTree = "<group>"; };
		29FF6F5B275E1F0300F742B0 /* Label.app */ = {isa = PBXFileReference; explicitFileType = wrapper.application; includeInIndex = 0; path = Label.app; sourceTree = BUILT_PRODUCTS_DIR; };
		29FF6F5E275E1F0300F742B0 /* AppDelegate.swift */ = {isa = PBXFileReference; lastKnownFileType = sourcecode.swift; path = AppDelegate.swift; sourceTree = "<group>"; };
		29FF6F60275E1F0300F742B0 /* SceneDelegate.swift */ = {isa = PBXFileReference; lastKnownFileType = sourcecode.swift; path = SceneDelegate.swift; sourceTree = "<group>"; };
		29FF6F67275E1F0500F742B0 /* Assets.xcassets */ = {isa = PBXFileReference; lastKnownFileType = folder.assetcatalog; path = Assets.xcassets; sourceTree = "<group>"; };
		29FF6F6A275E1F0500F742B0 /* Base */ = {isa = PBXFileReference; lastKnownFileType = file.storyboard; name = Base; path = Base.lproj/LaunchScreen.storyboard; sourceTree = "<group>"; };
		29FF6F6C275E1F0500F742B0 /* Info.plist */ = {isa = PBXFileReference; lastKnownFileType = text.plist.xml; path = Info.plist; sourceTree = "<group>"; };
		29FF6F78275E1F6900F742B0 /* Label.swift */ = {isa = PBXFileReference; lastKnownFileType = sourcecode.swift; path = Label.swift; sourceTree = "<group>"; };
		29FF6F7B275E288200F742B0 /* Navigation.swift */ = {isa = PBXFileReference; lastKnownFileType = sourcecode.swift; path = Navigation.swift; sourceTree = "<group>"; };
		413751FB4E5DAA634EB94DEE /* Pods_Label.framework */ = {isa = PBXFileReference; explicitFileType = wrapper.framework; includeInIndex = 0; path = Pods_Label.framework; sourceTree = BUILT_PRODUCTS_DIR; };
		F1B0C09AB5D8A87E831C6808 /* Pods-Label.debug.xcconfig */ = {isa = PBXFileReference; includeInIndex = 1; lastKnownFileType = text.xcconfig; name = "Pods-Label.debug.xcconfig"; path = "Target Support Files/Pods-Label/Pods-Label.debug.xcconfig"; sourceTree = "<group>"; };
/* End PBXFileReference section */

/* Begin PBXFrameworksBuildPhase section */
		29FF6F58275E1F0300F742B0 /* Frameworks */ = {
			isa = PBXFrameworksBuildPhase;
			buildActionMask = 2147483647;
			files = (
				6A2A335B85FF8349020D7B72 /* Pods_Label.framework in Frameworks */,
			);
			runOnlyForDeploymentPostprocessing = 0;
		};
/* End PBXFrameworksBuildPhase section */

/* Begin PBXGroup section */
		29FF6F52275E1F0300F742B0 = {
			isa = PBXGroup;
			children = (
				29FF6F5D275E1F0300F742B0 /* Label */,
				29FF6F5C275E1F0300F742B0 /* Products */,
				850F29E5EA2B490232A3F21A /* Pods */,
				4BB03419C423CE20D15969CD /* Frameworks */,
			);
			sourceTree = "<group>";
		};
		29FF6F5C275E1F0300F742B0 /* Products */ = {
			isa = PBXGroup;
			children = (
				29FF6F5B275E1F0300F742B0 /* Label.app */,
			);
			name = Products;
			sourceTree = "<group>";
		};
		29FF6F5D275E1F0300F742B0 /* Label */ = {
			isa = PBXGroup;
			children = (
				29FF6F7A275E1FB100F742B0 /* Navigation */,
				29FF6F75275E1F4600F742B0 /* Assets */,
				29FF6F74275E1F3E00F742B0 /* Launch */,
				29FF6F73275E1F2900F742B0 /* Master */,
				29FF6F72275E1F1700F742B0 /* Utils */,
				29FF6F6C275E1F0500F742B0 /* Info.plist */,
			);
			path = Label;
			sourceTree = "<group>";
		};
		29FF6F72275E1F1700F742B0 /* Utils */ = {
			isa = PBXGroup;
			children = (
				29FF6F5E275E1F0300F742B0 /* AppDelegate.swift */,
				29FF6F60275E1F0300F742B0 /* SceneDelegate.swift */,
			);
			path = Utils;
			sourceTree = "<group>";
		};
		29FF6F73275E1F2900F742B0 /* Master */ = {
			isa = PBXGroup;
			children = (
				29FF6F78275E1F6900F742B0 /* Label.swift */,
				290A3AA3275E5D91005B959C /* TermsRules.swift */,
				290A3AA5275E5DE3005B959C /* LongPress.swift */,
			);
			path = Master;
			sourceTree = "<group>";
		};
		29FF6F74275E1F3E00F742B0 /* Launch */ = {
			isa = PBXGroup;
			children = (
				29FF6F69275E1F0500F742B0 /* LaunchScreen.storyboard */,
				29D12310275E2AE600618DE9 /* Launch.swift */,
			);
			path = Launch;
			sourceTree = "<group>";
		};
		29FF6F75275E1F4600F742B0 /* Assets */ = {
			isa = PBXGroup;
			children = (
				29FF6F67275E1F0500F742B0 /* Assets.xcassets */,
			);
			path = Assets;
			sourceTree = "<group>";
		};
		29FF6F7A275E1FB100F742B0 /* Navigation */ = {
			isa = PBXGroup;
			children = (
				29FF6F7B275E288200F742B0 /* Navigation.swift */,
			);
			path = Navigation;
			sourceTree = "<group>";
		};
		4BB03419C423CE20D15969CD /* Frameworks */ = {
			isa = PBXGroup;
			children = (
				413751FB4E5DAA634EB94DEE /* Pods_Label.framework */,
			);
			name = Frameworks;
			sourceTree = "<group>";
		};
		850F29E5EA2B490232A3F21A /* Pods */ = {
			isa = PBXGroup;
			children = (
				F1B0C09AB5D8A87E831C6808 /* Pods-Label.debug.xcconfig */,
				03A32508D1FA276609D673CC /* Pods-Label.release.xcconfig */,
			);
			path = Pods;
			sourceTree = "<group>";
		};
/* End PBXGroup section */

/* Begin PBXNativeTarget section */
		29FF6F5A275E1F0300F742B0 /* Label */ = {
			isa = PBXNativeTarget;
			buildConfigurationList = 29FF6F6F275E1F0500F742B0 /* Build configuration list for PBXNativeTarget "Label" */;
			buildPhases = (
				FA3DFE59FC755667558492C4 /* [CP] Check Pods Manifest.lock */,
				29FF6F57275E1F0300F742B0 /* Sources */,
				29FF6F58275E1F0300F742B0 /* Frameworks */,
				29FF6F59275E1F0300F742B0 /* Resources */,
				A2B6D209FFACBF099B32DEDB /* [CP] Embed Pods Frameworks */,
			);
			buildRules = (
			);
			dependencies = (
			);
			name = Label;
			productName = Label;
			productReference = 29FF6F5B275E1F0300F742B0 /* Label.app */;
			productType = "com.apple.product-type.application";
		};
/* End PBXNativeTarget section */

/* Begin PBXProject section */
		29FF6F53275E1F0300F742B0 /* Project object */ = {
			isa = PBXProject;
			attributes = {
				LastSwiftUpdateCheck = 1170;
				LastUpgradeCheck = 1170;
				ORGANIZATIONNAME = " @Corporate HRD";
				TargetAttributes = {
					29FF6F5A275E1F0300F742B0 = {
						CreatedOnToolsVersion = 11.7;
					};
				};
			};
			buildConfigurationList = 29FF6F56275E1F0300F742B0 /* Build configuration list for PBXProject "Label" */;
			compatibilityVersion = "Xcode 9.3";
			developmentRegion = en;
			hasScannedForEncodings = 0;
			knownRegions = (
				en,
				Base,
			);
			mainGroup = 29FF6F52275E1F0300F742B0;
			productRefGroup = 29FF6F5C275E1F0300F742B0 /* Products */;
			projectDirPath = "";
			projectRoot = "";
			targets = (
				29FF6F5A275E1F0300F742B0 /* Label */,
			);
		};
/* End PBXProject section */

/* Begin PBXResourcesBuildPhase section */
		29FF6F59275E1F0300F742B0 /* Resources */ = {
			isa = PBXResourcesBuildPhase;
			buildActionMask = 2147483647;
			files = (
				29FF6F6B275E1F0500F742B0 /* LaunchScreen.storyboard in Resources */,
				29FF6F68275E1F0500F742B0 /* Assets.xcassets in Resources */,
			);
			runOnlyForDeploymentPostprocessing = 0;
		};
/* End PBXResourcesBuildPhase section */

/* Begin PBXShellScriptBuildPhase section */
		A2B6D209FFACBF099B32DEDB /* [CP] Embed Pods Frameworks */ = {
			isa = PBXShellScriptBuildPhase;
			buildActionMask = 2147483647;
			files = (
			);
			inputFileListPaths = (
				"${PODS_ROOT}/Target Support Files/Pods-Label/Pods-Label-frameworks-${CONFIGURATION}-input-files.xcfilelist",
			);
			name = "[CP] Embed Pods Frameworks";
			outputFileListPaths = (
				"${PODS_ROOT}/Target Support Files/Pods-Label/Pods-Label-frameworks-${CONFIGURATION}-output-files.xcfilelist",
			);
			runOnlyForDeploymentPostprocessing = 0;
			shellPath = /bin/sh;
			shellScript = "\"${PODS_ROOT}/Target Support Files/Pods-Label/Pods-Label-frameworks.sh\"\n";
			showEnvVarsInLog = 0;
		};
		FA3DFE59FC755667558492C4 /* [CP] Check Pods Manifest.lock */ = {
			isa = PBXShellScriptBuildPhase;
			buildActionMask = 2147483647;
			files = (
			);
			inputFileListPaths = (
			);
			inputPaths = (
				"${PODS_PODFILE_DIR_PATH}/Podfile.lock",
				"${PODS_ROOT}/Manifest.lock",
			);
			name = "[CP] Check Pods Manifest.lock";
			outputFileListPaths = (
			);
			outputPaths = (
				"$(DERIVED_FILE_DIR)/Pods-Label-checkManifestLockResult.txt",
			);
			runOnlyForDeploymentPostprocessing = 0;
			shellPath = /bin/sh;
			shellScript = "diff \"${PODS_PODFILE_DIR_PATH}/Podfile.lock\" \"${PODS_ROOT}/Manifest.lock\" > /dev/null\nif [ $? != 0 ] ; then\n    # print error to STDERR\n    echo \"error: The sandbox is not in sync with the Podfile.lock. Run 'pod install' or update your CocoaPods installation.\" >&2\n    exit 1\nfi\n# This output is used by Xcode 'outputs' to avoid re-running this script phase.\necho \"SUCCESS\" > \"${SCRIPT_OUTPUT_FILE_0}\"\n";
			showEnvVarsInLog = 0;
		};
/* End PBXShellScriptBuildPhase section */

/* Begin PBXSourcesBuildPhase section */
		29FF6F57275E1F0300F742B0 /* Sources */ = {
			isa = PBXSourcesBuildPhase;
			buildActionMask = 2147483647;
			files = (
				29FF6F5F275E1F0300F742B0 /* AppDelegate.swift in Sources */,
				290A3AA4275E5D91005B959C /* TermsRules.swift in Sources */,
				290A3AA6275E5DE3005B959C /* LongPress.swift in Sources */,
				29FF6F61275E1F0300F742B0 /* SceneDelegate.swift in Sources */,
				29FF6F79275E1F6900F742B0 /* Label.swift in Sources */,
				29D12311275E2AE600618DE9 /* Launch.swift in Sources */,
				29FF6F7C275E288200F742B0 /* Navigation.swift in Sources */,
			);
			runOnlyForDeploymentPostprocessing = 0;
		};
/* End PBXSourcesBuildPhase section */

/* Begin PBXVariantGroup section */
		29FF6F69275E1F0500F742B0 /* LaunchScreen.storyboard */ = {
			isa = PBXVariantGroup;
			children = (
				29FF6F6A275E1F0500F742B0 /* Base */,
			);
			name = LaunchScreen.storyboard;
			sourceTree = "<group>";
		};
/* End PBXVariantGroup section */

/* Begin XCBuildConfiguration section */
		29FF6F6D275E1F0500F742B0 /* Debug */ = {
			isa = XCBuildConfiguration;
			buildSettings = {
				ALWAYS_SEARCH_USER_PATHS = NO;
				CLANG_ANALYZER_NONNULL = YES;
				CLANG_ANALYZER_NUMBER_OBJECT_CONVERSION = YES_AGGRESSIVE;
				CLANG_CXX_LANGUAGE_STANDARD = "gnu++14";
				CLANG_CXX_LIBRARY = "libc++";
				CLANG_ENABLE_MODULES = YES;
				CLANG_ENABLE_OBJC_ARC = YES;
				CLANG_ENABLE_OBJC_WEAK = YES;
				CLANG_WARN_BLOCK_CAPTURE_AUTORELEASING = YES;
				CLANG_WARN_BOOL_CONVERSION = YES;
				CLANG_WARN_COMMA = YES;
				CLANG_WARN_CONSTANT_CONVERSION = YES;
				CLANG_WARN_DEPRECATED_OBJC_IMPLEMENTATIONS = YES;
				CLANG_WARN_DIRECT_OBJC_ISA_USAGE = YES_ERROR;
				CLANG_WARN_DOCUMENTATION_COMMENTS = YES;
				CLANG_WARN_EMPTY_BODY = YES;
				CLANG_WARN_ENUM_CONVERSION = YES;
				CLANG_WARN_INFINITE_RECURSION = YES;
				CLANG_WARN_INT_CONVERSION = YES;
				CLANG_WARN_NON_LITERAL_NULL_CONVERSION = YES;
				CLANG_WARN_OBJC_IMPLICIT_RETAIN_SELF = YES;
				CLANG_WARN_OBJC_LITERAL_CONVERSION = YES;
				CLANG_WARN_OBJC_ROOT_CLASS = YES_ERROR;
				CLANG_WARN_RANGE_LOOP_ANALYSIS = YES;
				CLANG_WARN_STRICT_PROTOTYPES = YES;
				CLANG_WARN_SUSPICIOUS_MOVE = YES;
				CLANG_WARN_UNGUARDED_AVAILABILITY = YES_AGGRESSIVE;
				CLANG_WARN_UNREACHABLE_CODE = YES;
				CLANG_WARN__DUPLICATE_METHOD_MATCH = YES;
				COPY_PHASE_STRIP = NO;
				DEBUG_INFORMATION_FORMAT = dwarf;
				ENABLE_STRICT_OBJC_MSGSEND = YES;
				ENABLE_TESTABILITY = YES;
				GCC_C_LANGUAGE_STANDARD = gnu11;
				GCC_DYNAMIC_NO_PIC = NO;
				GCC_NO_COMMON_BLOCKS = YES;
				GCC_OPTIMIZATION_LEVEL = 0;
				GCC_PREPROCESSOR_DEFINITIONS = (
					"DEBUG=1",
					"$(inherited)",
				);
				GCC_WARN_64_TO_32_BIT_CONVERSION = YES;
				GCC_WARN_ABOUT_RETURN_TYPE = YES_ERROR;
				GCC_WARN_UNDECLARED_SELECTOR = YES;
				GCC_WARN_UNINITIALIZED_AUTOS = YES_AGGRESSIVE;
				GCC_WARN_UNUSED_FUNCTION = YES;
				GCC_WARN_UNUSED_VARIABLE = YES;
				IPHONEOS_DEPLOYMENT_TARGET = 13.7;
				MTL_ENABLE_DEBUG_INFO = INCLUDE_SOURCE;
				MTL_FAST_MATH = YES;
				ONLY_ACTIVE_ARCH = YES;
				SDKROOT = iphoneos;
				SWIFT_ACTIVE_COMPILATION_CONDITIONS = DEBUG;
				SWIFT_OPTIMIZATION_LEVEL = "-Onone";
			};
			name = Debug;
		};
		29FF6F6E275E1F0500F742B0 /* Release */ = {
			isa = XCBuildConfiguration;
			buildSettings = {
				ALWAYS_SEARCH_USER_PATHS = NO;
				CLANG_ANALYZER_NONNULL = YES;
				CLANG_ANALYZER_NUMBER_OBJECT_CONVERSION = YES_AGGRESSIVE;
				CLANG_CXX_LANGUAGE_STANDARD = "gnu++14";
				CLANG_CXX_LIBRARY = "libc++";
				CLANG_ENABLE_MODULES = YES;
				CLANG_ENABLE_OBJC_ARC = YES;
				CLANG_ENABLE_OBJC_WEAK = YES;
				CLANG_WARN_BLOCK_CAPTURE_AUTORELEASING = YES;
				CLANG_WARN_BOOL_CONVERSION = YES;
				CLANG_WARN_COMMA = YES;
				CLANG_WARN_CONSTANT_CONVERSION = YES;
				CLANG_WARN_DEPRECATED_OBJC_IMPLEMENTATIONS = YES;
				CLANG_WARN_DIRECT_OBJC_ISA_USAGE = YES_ERROR;
				CLANG_WARN_DOCUMENTATION_COMMENTS = YES;
				CLANG_WARN_EMPTY_BODY = YES;
				CLANG_WARN_ENUM_CONVERSION = YES;
				CLANG_WARN_INFINITE_RECURSION = YES;
				CLANG_WARN_INT_CONVERSION = YES;
				CLANG_WARN_NON_LITERAL_NULL_CONVERSION = YES;
				CLANG_WARN_OBJC_IMPLICIT_RETAIN_SELF = YES;
				CLANG_WARN_OBJC_LITERAL_CONVERSION = YES;
				CLANG_WARN_OBJC_ROOT_CLASS = YES_ERROR;
				CLANG_WARN_RANGE_LOOP_ANALYSIS = YES;
				CLANG_WARN_STRICT_PROTOTYPES = YES;
				CLANG_WARN_SUSPICIOUS_MOVE = YES;
				CLANG_WARN_UNGUARDED_AVAILABILITY = YES_AGGRESSIVE;
				CLANG_WARN_UNREACHABLE_CODE = YES;
				CLANG_WARN__DUPLICATE_METHOD_MATCH = YES;
				COPY_PHASE_STRIP = NO;
				DEBUG_INFORMATION_FORMAT = "dwarf-with-dsym";
				ENABLE_NS_ASSERTIONS = NO;
				ENABLE_STRICT_OBJC_MSGSEND = YES;
				GCC_C_LANGUAGE_STANDARD = gnu11;
				GCC_NO_COMMON_BLOCKS = YES;
				GCC_WARN_64_TO_32_BIT_CONVERSION = YES;
				GCC_WARN_ABOUT_RETURN_TYPE = YES_ERROR;
				GCC_WARN_UNDECLARED_SELECTOR = YES;
				GCC_WARN_UNINITIALIZED_AUTOS = YES_AGGRESSIVE;
				GCC_WARN_UNUSED_FUNCTION = YES;
				GCC_WARN_UNUSED_VARIABLE = YES;
				IPHONEOS_DEPLOYMENT_TARGET = 13.7;
				MTL_ENABLE_DEBUG_INFO = NO;
				MTL_FAST_MATH = YES;
				SDKROOT = iphoneos;
				SWIFT_COMPILATION_MODE = wholemodule;
				SWIFT_OPTIMIZATION_LEVEL = "-O";
				VALIDATE_PRODUCT = YES;
			};
			name = Release;
		};
		29FF6F70275E1F0500F742B0 /* Debug */ = {
			isa = XCBuildConfiguration;
			baseConfigurationReference = F1B0C09AB5D8A87E831C6808 /* Pods-Label.debug.xcconfig */;
			buildSettings = {
				ASSETCATALOG_COMPILER_APPICON_NAME = AppIcon;
				CODE_SIGN_STYLE = Automatic;
				DEVELOPMENT_TEAM = H6H5489H9H;
				INFOPLIST_FILE = Label/Info.plist;
				IPHONEOS_DEPLOYMENT_TARGET = 11.0;
				LD_RUNPATH_SEARCH_PATHS = (
					"$(inherited)",
					"@executable_path/Frameworks",
				);
				PRODUCT_BUNDLE_IDENTIFIER = com.hrd.Label;
				PRODUCT_NAME = "$(TARGET_NAME)";
				SWIFT_VERSION = 5.0;
				TARGETED_DEVICE_FAMILY = 1;
			};
			name = Debug;
		};
		29FF6F71275E1F0500F742B0 /* Release */ = {
			isa = XCBuildConfiguration;
			baseConfigurationReference = 03A32508D1FA276609D673CC /* Pods-Label.release.xcconfig */;
			buildSettings = {
				ASSETCATALOG_COMPILER_APPICON_NAME = AppIcon;
				CODE_SIGN_STYLE = Automatic;
				DEVELOPMENT_TEAM = H6H5489H9H;
				INFOPLIST_FILE = Label/Info.plist;
				IPHONEOS_DEPLOYMENT_TARGET = 11.0;
				LD_RUNPATH_SEARCH_PATHS = (
					"$(inherited)",
					"@executable_path/Frameworks",
				);
				PRODUCT_BUNDLE_IDENTIFIER = com.hrd.Label;
				PRODUCT_NAME = "$(TARGET_NAME)";
				SWIFT_VERSION = 5.0;
				TARGETED_DEVICE_FAMILY = 1;
			};
			name = Release;
		};
/* End XCBuildConfiguration section */

/* Begin XCConfigurationList section */
		29FF6F56275E1F0300F742B0 /* Build configuration list for PBXProject "Label" */ = {
			isa = XCConfigurationList;
			buildConfigurations = (
				29FF6F6D275E1F0500F742B0 /* Debug */,
				29FF6F6E275E1F0500F742B0 /* Release */,
			);
			defaultConfigurationIsVisible = 0;
			defaultConfigurationName = Release;
		};
		29FF6F6F275E1F0500F742B0 /* Build configuration list for PBXNativeTarget "Label" */ = {
			isa = XCConfigurationList;
			buildConfigurations = (
				29FF6F70275E1F0500F742B0 /* Debug */,
				29FF6F71275E1F0500F742B0 /* Release */,
			);
			defaultConfigurationIsVisible = 0;
			defaultConfigurationName = Release;
		};
/* End XCConfigurationList section */
	};
	rootObject = 29FF6F53275E1F0300F742B0 /* Project object */;
}
